{
  "files": [
    "lib/container/container.go",
    "lib/container/container_test.go",
    "lib/errors/errors.go",
    "lib/graph/graph.go",
    "lib/handler/handler.go",
    "lib/httputil/retry.go",
    "lib/pagination/pagination.go",
    "config/config.go",
    "apis/customer_ap_is/dto.go",
    "tables/order_items/model.go",
    "apis/order_ap_is/dto.go",
    "tables/products/model.go",
    "tables/orders/errors.go",
    "apis/product_ap_is/dto.go",
    "tables/orders/model.go",
    "tables/products/errors.go",
    "tables/customers/errors.go",
    "db/db.go",
    "tables/customers/model.go",
    "types/types.go",
    "apis/order_ap_is/context.go",
    "tables/products/repository.go",
    "tables/orders/repository.go",
    "apis/customer_ap_is/context.go",
    "apis/product_ap_is/context.go",
    "tables/customers/repository.go",
    "externals/notification_service.go",
    "tables/order_items/repository.go",
    "externals/stripe_client.go",
    "apis/product_ap_is/hooks.go",
    "apis/customer_ap_is/hooks.go",
    "apis/order_ap_is/hooks.go",
    "apis/product_ap_is/mappers.go",
    "apis/customer_ap_is/mappers.go",
    "apis/order_ap_is/mappers.go",
    "apis/product_ap_is/service.go",
    "apis/customer_ap_is/service.go",
    "apis/order_ap_is/service.go",
    "apis/product_ap_is/handler.go",
    "apis/customer_ap_is/handler.go",
    "apis/order_ap_is/handler.go",
    "routes.go",
    "wire.go"
  ],
  "spec_hash": "33ba35e60298579404bcbfb97f3e1e4abef90b190aa16ee4f224cd6ef7a0c101"
}